{
  "object": {
    "pins": [
      {
        "package": "Alamofire",
        "repositoryURL": "https://github.com/Alamofire/Alamofire",
        "state": {
          "branch": "master",
          "revision": "e68cfdf9c5aa4e69f675198a3cf8bef72c7cdede",
          "version": null
        }
      },
      {
        "package": "SDWebImage",
        "repositoryURL": "https://github.com/SDWebImage/SDWebImage.git",
        "state": {
          "branch": null,
          "revision": "a812079ae91a7f2e627364c42ea7b98abfa366ed",
          "version": "5.15.4"
        }
      },
      {
        "package": "SDWebImageSwiftUI",
        "repositoryURL": "https://github.com/SDWebImage/SDWebImageSwiftUI",
        "state": {
          "branch": "master",
          "revision": "61fefe9c284fd41ddef77d02749e88f00c305196",
          "version": null
        }
      }
    ]
  },
  "version": 1
}
